
Microsoft Visual Studio Solution File, Format Version 12.00
# Visual Studio Version 17
VisualStudioVersion = 17.3.32929.385
MinimumVisualStudioVersion = 10.0.40219.1
Project("{FAE04EC0-301F-11D3-BF4B-00C04F79EFBC}") = "PrepopulatedDataSql", "PrepopulatedDataSql\PrepopulatedDataSql.csproj", "{FDFC8199-E1FC-46D4-BD27-97051131F0A4}"
EndProject
Global
	GlobalSection(SolutionConfigurationPlatforms) = preSolution
		Debug|Any CPU = Debug|Any CPU
		Release|Any CPU = Release|Any CPU
	EndGlobalSection
	GlobalSection(ProjectConfigurationPlatforms) = postSolution
		{FDFC8199-E1FC-46D4-BD27-97051131F0A4}.Debug|Any CPU.ActiveCfg = Debug|Any CPU
		{FDFC8199-E1FC-46D4-BD27-97051131F0A4}.Debug|Any CPU.Build.0 = Debug|Any CPU
		{FDFC8199-E1FC-46D4-BD27-97051131F0A4}.Release|Any CPU.ActiveCfg = Release|Any CPU
		{FDFC8199-E1FC-46D4-BD27-97051131F0A4}.Release|Any CPU.Build.0 = Release|Any CPU
	EndGlobalSection
	GlobalSection(SolutionProperties) = preSolution
		HideSolutionNode = FALSE
	EndGlobalSection
	GlobalSection(ExtensibilityGlobals) = postSolution
		SolutionGuid = {9F3381B1-E648-4CD8-BE0C-47FDEA868779}
	EndGlobalSection
EndGlobal
